// !$*UTF8*$!
{
	archiveVersion = 1;
	classes = {
	};
	objectVersion = 50;
	objects = {

/* Begin PBXBuildFile section */
		22FB840420E8ACFD008EDB59 /* AppDelegate.swift in Sources */ = {isa = PBXBuildFile; fileRef = 22FB83F920E8ACFD008EDB59 /* AppDelegate.swift */; };
		22FB840620E8ACFD008EDB59 /* MovieViewController.swift in Sources */ = {isa = PBXBuildFile; fileRef = 22FB83FD20E8ACFD008EDB59 /* MovieViewController.swift */; };
		22FB840720E8ACFD008EDB59 /* LaunchScreen.storyboard in Resources */ = {isa = PBXBuildFile; fileRef = 22FB83FE20E8ACFD008EDB59 /* LaunchScreen.storyboard */; };
		22FB840820E8ACFD008EDB59 /* Main.storyboard in Resources */ = {isa = PBXBuildFile; fileRef = 22FB840020E8ACFD008EDB59 /* Main.storyboard */; };
		22FB840920E8ACFD008EDB59 /* Assets.xcassets in Resources */ = {isa = PBXBuildFile; fileRef = 22FB840320E8ACFD008EDB59 /* Assets.xcassets */; };
		22FB840C20E8AD61008EDB59 /* Networking.swift in Sources */ = {isa = PBXBuildFile; fileRef = 22FB840B20E8AD61008EDB59 /* Networking.swift */; };
		22FB841020E8B15F008EDB59 /* MoviesRequest.swift in Sources */ = {isa = PBXBuildFile; fileRef = 22FB840F20E8B15F008EDB59 /* MoviesRequest.swift */; };
		22FB841220E8B16A008EDB59 /* Movie.swift in Sources */ = {isa = PBXBuildFile; fileRef = 22FB841120E8B16A008EDB59 /* Movie.swift */; };
		22FB841420E8B25C008EDB59 /* Request.swift in Sources */ = {isa = PBXBuildFile; fileRef = 22FB841320E8B25C008EDB59 /* Request.swift */; };
		A1AD7C65251C2D2BC48BB8E6 /* Pods_Movie_Clips.framework in Frameworks */ = {isa = PBXBuildFile; fileRef = 89203E24198707F7119009D1 /* Pods_Movie_Clips.framework */; };
/* End PBXBuildFile section */

/* Begin PBXCopyFilesBuildPhase section */
		22897BAB20EF3D9D002028D5 /* Embed Frameworks */ = {
			isa = PBXCopyFilesBuildPhase;
			buildActionMask = 2147483647;
			dstPath = "";
			dstSubfolderSpec = 10;
			files = (
			);
			name = "Embed Frameworks";
			runOnlyForDeploymentPostprocessing = 0;
		};
/* End PBXCopyFilesBuildPhase section */

/* Begin PBXFileReference section */
		072EB2E9A4533630C56E722A /* Pods-Movie Clips.debug.xcconfig */ = {isa = PBXFileReference; includeInIndex = 1; lastKnownFileType = text.xcconfig; name = "Pods-Movie Clips.debug.xcconfig"; path = "Pods/Target Support Files/Pods-Movie Clips/Pods-Movie Clips.debug.xcconfig"; sourceTree = "<group>"; };
		22C0100220EF404B005E5695 /* MiniGalleryUI.framework */ = {isa = PBXFileReference; lastKnownFileType = wrapper.framework; name = MiniGalleryUI.framework; path = "../../../Library/Developer/Xcode/DerivedData/Movies-dwytoifeuqmjdxeglyeeizflfcbw/Build/Products/Debug-iphoneos/MiniGalleryUI.framework"; sourceTree = "<group>"; };
		22FB83E220E8A33C008EDB59 /* Movie Clips.app */ = {isa = PBXFileReference; explicitFileType = wrapper.application; includeInIndex = 0; path = "Movie Clips.app"; sourceTree = BUILT_PRODUCTS_DIR; };
		22FB83F920E8ACFD008EDB59 /* AppDelegate.swift */ = {isa = PBXFileReference; fileEncoding = 4; lastKnownFileType = sourcecode.swift; path = AppDelegate.swift; sourceTree = "<group>"; };
		22FB83FB20E8ACFD008EDB59 /* Info.plist */ = {isa = PBXFileReference; fileEncoding = 4; lastKnownFileType = text.plist.xml; path = Info.plist; sourceTree = "<group>"; };
		22FB83FD20E8ACFD008EDB59 /* MovieViewController.swift */ = {isa = PBXFileReference; fileEncoding = 4; lastKnownFileType = sourcecode.swift; path = MovieViewController.swift; sourceTree = "<group>"; };
		22FB83FF20E8ACFD008EDB59 /* Base */ = {isa = PBXFileReference; lastKnownFileType = file.storyboard; name = Base; path = Base.lproj/LaunchScreen.storyboard; sourceTree = "<group>"; };
		22FB840120E8ACFD008EDB59 /* Base */ = {isa = PBXFileReference; lastKnownFileType = file.storyboard; name = Base; path = Base.lproj/Main.storyboard; sourceTree = "<group>"; };
		22FB840320E8ACFD008EDB59 /* Assets.xcassets */ = {isa = PBXFileReference; lastKnownFileType = folder.assetcatalog; path = Assets.xcassets; sourceTree = "<group>"; };
		22FB840B20E8AD61008EDB59 /* Networking.swift */ = {isa = PBXFileReference; lastKnownFileType = sourcecode.swift; path = Networking.swift; sourceTree = "<group>"; };
		22FB840F20E8B15F008EDB59 /* MoviesRequest.swift */ = {isa = PBXFileReference; lastKnownFileType = sourcecode.swift; path = MoviesRequest.swift; sourceTree = "<group>"; };
		22FB841120E8B16A008EDB59 /* Movie.swift */ = {isa = PBXFileReference; lastKnownFileType = sourcecode.swift; path = Movie.swift; sourceTree = "<group>"; };
		22FB841320E8B25C008EDB59 /* Request.swift */ = {isa = PBXFileReference; lastKnownFileType = sourcecode.swift; path = Request.swift; sourceTree = "<group>"; };
		59077DE1791B6C6196C0DCD9 /* Pods-Movie Clips.release.xcconfig */ = {isa = PBXFileReference; includeInIndex = 1; lastKnownFileType = text.xcconfig; name = "Pods-Movie Clips.release.xcconfig"; path = "Pods/Target Support Files/Pods-Movie Clips/Pods-Movie Clips.release.xcconfig"; sourceTree = "<group>"; };
		89203E24198707F7119009D1 /* Pods_Movie_Clips.framework */ = {isa = PBXFileReference; explicitFileType = wrapper.framework; includeInIndex = 0; path = Pods_Movie_Clips.framework; sourceTree = BUILT_PRODUCTS_DIR; };
/* End PBXFileReference section */

/* Begin PBXFrameworksBuildPhase section */
		22FB83DF20E8A33C008EDB59 /* Frameworks */ = {
			isa = PBXFrameworksBuildPhase;
			buildActionMask = 2147483647;
			files = (
				A1AD7C65251C2D2BC48BB8E6 /* Pods_Movie_Clips.framework in Frameworks */,
			);
			runOnlyForDeploymentPostprocessing = 0;
		};
/* End PBXFrameworksBuildPhase section */

/* Begin PBXGroup section */
		115443AE7279752E6701513A /* Pods */ = {
			isa = PBXGroup;
			children = (
				072EB2E9A4533630C56E722A /* Pods-Movie Clips.debug.xcconfig */,
				59077DE1791B6C6196C0DCD9 /* Pods-Movie Clips.release.xcconfig */,
			);
			name = Pods;
			sourceTree = "<group>";
		};
		22897BAD20EF3DBC002028D5 /* Frameworks */ = {
			isa = PBXGroup;
			children = (
				22C0100220EF404B005E5695 /* MiniGalleryUI.framework */,
				89203E24198707F7119009D1 /* Pods_Movie_Clips.framework */,
			);
			name = Frameworks;
			sourceTree = "<group>";
		};
		22FB83D920E8A33C008EDB59 = {
			isa = PBXGroup;
			children = (
				22FB83E420E8A33C008EDB59 /* Movie Clips */,
				22897BAD20EF3DBC002028D5 /* Frameworks */,
				22FB83FA20E8ACFD008EDB59 /* Support */,
				22FB83E320E8A33C008EDB59 /* Products */,
				115443AE7279752E6701513A /* Pods */,
			);
			sourceTree = "<group>";
		};
		22FB83E320E8A33C008EDB59 /* Products */ = {
			isa = PBXGroup;
			children = (
				22FB83E220E8A33C008EDB59 /* Movie Clips.app */,
			);
			name = Products;
			sourceTree = "<group>";
		};
		22FB83E420E8A33C008EDB59 /* Movie Clips */ = {
			isa = PBXGroup;
			children = (
				22FB840220E8ACFD008EDB59 /* Resources */,
				22FB83F820E8ACFD008EDB59 /* Source */,
				22FB83FC20E8ACFD008EDB59 /* UI */,
			);
			path = "Movie Clips";
			sourceTree = "<group>";
		};
		22FB83F820E8ACFD008EDB59 /* Source */ = {
			isa = PBXGroup;
			children = (
				22FB840E20E8B13D008EDB59 /* Movies */,
				22FB840A20E8AD39008EDB59 /* Networking */,
				22FB83F920E8ACFD008EDB59 /* AppDelegate.swift */,
			);
			path = Source;
			sourceTree = "<group>";
		};
		22FB83FA20E8ACFD008EDB59 /* Support */ = {
			isa = PBXGroup;
			children = (
				22FB83FB20E8ACFD008EDB59 /* Info.plist */,
			);
			path = Support;
			sourceTree = "<group>";
		};
		22FB83FC20E8ACFD008EDB59 /* UI */ = {
			isa = PBXGroup;
			children = (
				22FB83FD20E8ACFD008EDB59 /* MovieViewController.swift */,
				22FB840020E8ACFD008EDB59 /* Main.storyboard */,
			);
			path = UI;
			sourceTree = "<group>";
		};
		22FB840220E8ACFD008EDB59 /* Resources */ = {
			isa = PBXGroup;
			children = (
				22FB83FE20E8ACFD008EDB59 /* LaunchScreen.storyboard */,
				22FB840320E8ACFD008EDB59 /* Assets.xcassets */,
			);
			path = Resources;
			sourceTree = "<group>";
		};
		22FB840A20E8AD39008EDB59 /* Networking */ = {
			isa = PBXGroup;
			children = (
				22FB840B20E8AD61008EDB59 /* Networking.swift */,
				22FB841320E8B25C008EDB59 /* Request.swift */,
			);
			path = Networking;
			sourceTree = "<group>";
		};
		22FB840E20E8B13D008EDB59 /* Movies */ = {
			isa = PBXGroup;
			children = (
				22FB840F20E8B15F008EDB59 /* MoviesRequest.swift */,
				22FB841120E8B16A008EDB59 /* Movie.swift */,
			);
			path = Movies;
			sourceTree = "<group>";
		};
/* End PBXGroup section */

/* Begin PBXNativeTarget section */
		22FB83E120E8A33C008EDB59 /* Movie Clips */ = {
			isa = PBXNativeTarget;
			buildConfigurationList = 22FB83F420E8A33E008EDB59 /* Build configuration list for PBXNativeTarget "Movie Clips" */;
			buildPhases = (
				F02943A376FFF5C6B4700E13 /* [CP] Check Pods Manifest.lock */,
				22FB83DE20E8A33C008EDB59 /* Sources */,
				22FB83DF20E8A33C008EDB59 /* Frameworks */,
				22FB83E020E8A33C008EDB59 /* Resources */,
				22897BAB20EF3D9D002028D5 /* Embed Frameworks */,
				2B803D5C32CF097B737C2633 /* [CP] Embed Pods Frameworks */,
			);
			buildRules = (
			);
			dependencies = (
			);
			name = "Movie Clips";
			productName = Movies;
			productReference = 22FB83E220E8A33C008EDB59 /* Movie Clips.app */;
			productType = "com.apple.product-type.application";
		};
/* End PBXNativeTarget section */

/* Begin PBXProject section */
		22FB83DA20E8A33C008EDB59 /* Project object */ = {
			isa = PBXProject;
			attributes = {
				LastSwiftUpdateCheck = 0940;
				LastUpgradeCheck = 0940;
				ORGANIZATIONNAME = "Andrii Kurshyn";
				TargetAttributes = {
					22FB83E120E8A33C008EDB59 = {
						CreatedOnToolsVersion = 9.4.1;
					};
				};
			};
			buildConfigurationList = 22FB83DD20E8A33C008EDB59 /* Build configuration list for PBXProject "Movie Clips " */;
			compatibilityVersion = "Xcode 9.3";
			developmentRegion = en;
			hasScannedForEncodings = 0;
			knownRegions = (
				en,
				Base,
			);
			mainGroup = 22FB83D920E8A33C008EDB59;
			productRefGroup = 22FB83E320E8A33C008EDB59 /* Products */;
			projectDirPath = "";
			projectRoot = "";
			targets = (
				22FB83E120E8A33C008EDB59 /* Movie Clips */,
			);
		};
/* End PBXProject section */

/* Begin PBXResourcesBuildPhase section */
		22FB83E020E8A33C008EDB59 /* Resources */ = {
			isa = PBXResourcesBuildPhase;
			buildActionMask = 2147483647;
			files = (
				22FB840820E8ACFD008EDB59 /* Main.storyboard in Resources */,
				22FB840920E8ACFD008EDB59 /* Assets.xcassets in Resources */,
				22FB840720E8ACFD008EDB59 /* LaunchScreen.storyboard in Resources */,
			);
			runOnlyForDeploymentPostprocessing = 0;
		};
/* End PBXResourcesBuildPhase section */

/* Begin PBXShellScriptBuildPhase section */
		2B803D5C32CF097B737C2633 /* [CP] Embed Pods Frameworks */ = {
			isa = PBXShellScriptBuildPhase;
			buildActionMask = 2147483647;
			files = (
			);
			inputPaths = (
				"${SRCROOT}/Pods/Target Support Files/Pods-Movie Clips/Pods-Movie Clips-frameworks.sh",
				"${BUILT_PRODUCTS_DIR}/MiniGalleryUI/MiniGalleryUI.framework",
			);
			name = "[CP] Embed Pods Frameworks";
			outputPaths = (
				"${TARGET_BUILD_DIR}/${FRAMEWORKS_FOLDER_PATH}/MiniGalleryUI.framework",
			);
			runOnlyForDeploymentPostprocessing = 0;
			shellPath = /bin/sh;
			shellScript = "\"${SRCROOT}/Pods/Target Support Files/Pods-Movie Clips/Pods-Movie Clips-frameworks.sh\"\n";
			showEnvVarsInLog = 0;
		};
		F02943A376FFF5C6B4700E13 /* [CP] Check Pods Manifest.lock */ = {
			isa = PBXShellScriptBuildPhase;
			buildActionMask = 2147483647;
			files = (
			);
			inputPaths = (
				"${PODS_PODFILE_DIR_PATH}/Podfile.lock",
				"${PODS_ROOT}/Manifest.lock",
			);
			name = "[CP] Check Pods Manifest.lock";
			outputPaths = (
				"$(DERIVED_FILE_DIR)/Pods-Movie Clips-checkManifestLockResult.txt",
			);
			runOnlyForDeploymentPostprocessing = 0;
			shellPath = /bin/sh;
			shellScript = "diff \"${PODS_PODFILE_DIR_PATH}/Podfile.lock\" \"${PODS_ROOT}/Manifest.lock\" > /dev/null\nif [ $? != 0 ] ; then\n    # print error to STDERR\n    echo \"error: The sandbox is not in sync with the Podfile.lock. Run 'pod install' or update your CocoaPods installation.\" >&2\n    exit 1\nfi\n# This output is used by Xcode 'outputs' to avoid re-running this script phase.\necho \"SUCCESS\" > \"${SCRIPT_OUTPUT_FILE_0}\"\n";
			showEnvVarsInLog = 0;
		};
/* End PBXShellScriptBuildPhase section */

/* Begin PBXSourcesBuildPhase section */
		22FB83DE20E8A33C008EDB59 /* Sources */ = {
			isa = PBXSourcesBuildPhase;
			buildActionMask = 2147483647;
			files = (
				22FB840C20E8AD61008EDB59 /* Networking.swift in Sources */,
				22FB841420E8B25C008EDB59 /* Request.swift in Sources */,
				22FB840620E8ACFD008EDB59 /* MovieViewController.swift in Sources */,
				22FB841020E8B15F008EDB59 /* MoviesRequest.swift in Sources */,
				22FB840420E8ACFD008EDB59 /* AppDelegate.swift in Sources */,
				22FB841220E8B16A008EDB59 /* Movie.swift in Sources */,
			);
			runOnlyForDeploymentPostprocessing = 0;
		};
/* End PBXSourcesBuildPhase section */

/* Begin PBXVariantGroup section */
		22FB83FE20E8ACFD008EDB59 /* LaunchScreen.storyboard */ = {
			isa = PBXVariantGroup;
			children = (
				22FB83FF20E8ACFD008EDB59 /* Base */,
			);
			name = LaunchScreen.storyboard;
			sourceTree = "<group>";
		};
		22FB840020E8ACFD008EDB59 /* Main.storyboard */ = {
			isa = PBXVariantGroup;
			children = (
				22FB840120E8ACFD008EDB59 /* Base */,
			);
			name = Main.storyboard;
			sourceTree = "<group>";
		};
/* End PBXVariantGroup section */

/* Begin XCBuildConfiguration section */
		22FB83F220E8A33E008EDB59 /* Debug */ = {
			isa = XCBuildConfiguration;
			buildSettings = {
				ALWAYS_SEARCH_USER_PATHS = NO;
				CLANG_ANALYZER_NONNULL = YES;
				CLANG_ANALYZER_NUMBER_OBJECT_CONVERSION = YES_AGGRESSIVE;
				CLANG_CXX_LANGUAGE_STANDARD = "gnu++14";
				CLANG_CXX_LIBRARY = "libc++";
				CLANG_ENABLE_MODULES = YES;
				CLANG_ENABLE_OBJC_ARC = YES;
				CLANG_ENABLE_OBJC_WEAK = YES;
				CLANG_WARN_BLOCK_CAPTURE_AUTORELEASING = YES;
				CLANG_WARN_BOOL_CONVERSION = YES;
				CLANG_WARN_COMMA = YES;
				CLANG_WARN_CONSTANT_CONVERSION = YES;
				CLANG_WARN_DEPRECATED_OBJC_IMPLEMENTATIONS = YES;
				CLANG_WARN_DIRECT_OBJC_ISA_USAGE = YES_ERROR;
				CLANG_WARN_DOCUMENTATION_COMMENTS = YES;
				CLANG_WARN_EMPTY_BODY = YES;
				CLANG_WARN_ENUM_CONVERSION = YES;
				CLANG_WARN_INFINITE_RECURSION = YES;
				CLANG_WARN_INT_CONVERSION = YES;
				CLANG_WARN_NON_LITERAL_NULL_CONVERSION = YES;
				CLANG_WARN_OBJC_IMPLICIT_RETAIN_SELF = YES;
				CLANG_WARN_OBJC_LITERAL_CONVERSION = YES;
				CLANG_WARN_OBJC_ROOT_CLASS = YES_ERROR;
				CLANG_WARN_RANGE_LOOP_ANALYSIS = YES;
				CLANG_WARN_STRICT_PROTOTYPES = YES;
				CLANG_WARN_SUSPICIOUS_MOVE = YES;
				CLANG_WARN_UNGUARDED_AVAILABILITY = YES_AGGRESSIVE;
				CLANG_WARN_UNREACHABLE_CODE = YES;
				CLANG_WARN__DUPLICATE_METHOD_MATCH = YES;
				CODE_SIGN_IDENTITY = "iPhone Developer";
				COPY_PHASE_STRIP = NO;
				DEBUG_INFORMATION_FORMAT = dwarf;
				ENABLE_STRICT_OBJC_MSGSEND = YES;
				ENABLE_TESTABILITY = YES;
				GCC_C_LANGUAGE_STANDARD = gnu11;
				GCC_DYNAMIC_NO_PIC = NO;
				GCC_NO_COMMON_BLOCKS = YES;
				GCC_OPTIMIZATION_LEVEL = 0;
				GCC_PREPROCESSOR_DEFINITIONS = (
					"DEBUG=1",
					"$(inherited)",
				);
				GCC_WARN_64_TO_32_BIT_CONVERSION = YES;
				GCC_WARN_ABOUT_RETURN_TYPE = YES_ERROR;
				GCC_WARN_UNDECLARED_SELECTOR = YES;
				GCC_WARN_UNINITIALIZED_AUTOS = YES_AGGRESSIVE;
				GCC_WARN_UNUSED_FUNCTION = YES;
				GCC_WARN_UNUSED_VARIABLE = YES;
				IPHONEOS_DEPLOYMENT_TARGET = 11.4;
				MTL_ENABLE_DEBUG_INFO = YES;
				ONLY_ACTIVE_ARCH = YES;
				SDKROOT = iphoneos;
				SWIFT_ACTIVE_COMPILATION_CONDITIONS = DEBUG;
				SWIFT_OPTIMIZATION_LEVEL = "-Onone";
			};
			name = Debug;
		};
		22FB83F320E8A33E008EDB59 /* Release */ = {
			isa = XCBuildConfiguration;
			buildSettings = {
				ALWAYS_SEARCH_USER_PATHS = NO;
				CLANG_ANALYZER_NONNULL = YES;
				CLANG_ANALYZER_NUMBER_OBJECT_CONVERSION = YES_AGGRESSIVE;
				CLANG_CXX_LANGUAGE_STANDARD = "gnu++14";
				CLANG_CXX_LIBRARY = "libc++";
				CLANG_ENABLE_MODULES = YES;
				CLANG_ENABLE_OBJC_ARC = YES;
				CLANG_ENABLE_OBJC_WEAK = YES;
				CLANG_WARN_BLOCK_CAPTURE_AUTORELEASING = YES;
				CLANG_WARN_BOOL_CONVERSION = YES;
				CLANG_WARN_COMMA = YES;
				CLANG_WARN_CONSTANT_CONVERSION = YES;
				CLANG_WARN_DEPRECATED_OBJC_IMPLEMENTATIONS = YES;
				CLANG_WARN_DIRECT_OBJC_ISA_USAGE = YES_ERROR;
				CLANG_WARN_DOCUMENTATION_COMMENTS = YES;
				CLANG_WARN_EMPTY_BODY = YES;
				CLANG_WARN_ENUM_CONVERSION = YES;
				CLANG_WARN_INFINITE_RECURSION = YES;
				CLANG_WARN_INT_CONVERSION = YES;
				CLANG_WARN_NON_LITERAL_NULL_CONVERSION = YES;
				CLANG_WARN_OBJC_IMPLICIT_RETAIN_SELF = YES;
				CLANG_WARN_OBJC_LITERAL_CONVERSION = YES;
				CLANG_WARN_OBJC_ROOT_CLASS = YES_ERROR;
				CLANG_WARN_RANGE_LOOP_ANALYSIS = YES;
				CLANG_WARN_STRICT_PROTOTYPES = YES;
				CLANG_WARN_SUSPICIOUS_MOVE = YES;
				CLANG_WARN_UNGUARDED_AVAILABILITY = YES_AGGRESSIVE;
				CLANG_WARN_UNREACHABLE_CODE = YES;
				CLANG_WARN__DUPLICATE_METHOD_MATCH = YES;
				CODE_SIGN_IDENTITY = "iPhone Developer";
				COPY_PHASE_STRIP = NO;
				DEBUG_INFORMATION_FORMAT = "dwarf-with-dsym";
				ENABLE_NS_ASSERTIONS = NO;
				ENABLE_STRICT_OBJC_MSGSEND = YES;
				GCC_C_LANGUAGE_STANDARD = gnu11;
				GCC_NO_COMMON_BLOCKS = YES;
				GCC_WARN_64_TO_32_BIT_CONVERSION = YES;
				GCC_WARN_ABOUT_RETURN_TYPE = YES_ERROR;
				GCC_WARN_UNDECLARED_SELECTOR = YES;
				GCC_WARN_UNINITIALIZED_AUTOS = YES_AGGRESSIVE;
				GCC_WARN_UNUSED_FUNCTION = YES;
				GCC_WARN_UNUSED_VARIABLE = YES;
				IPHONEOS_DEPLOYMENT_TARGET = 11.4;
				MTL_ENABLE_DEBUG_INFO = NO;
				SDKROOT = iphoneos;
				SWIFT_COMPILATION_MODE = wholemodule;
				SWIFT_OPTIMIZATION_LEVEL = "-O";
				VALIDATE_PRODUCT = YES;
			};
			name = Release;
		};
		22FB83F520E8A33E008EDB59 /* Debug */ = {
			isa = XCBuildConfiguration;
			baseConfigurationReference = 072EB2E9A4533630C56E722A /* Pods-Movie Clips.debug.xcconfig */;
			buildSettings = {
				ASSETCATALOG_COMPILER_APPICON_NAME = AppIcon;
				CODE_SIGN_STYLE = Automatic;
				DEVELOPMENT_TEAM = 9M8HQ89V5Q;
				INFOPLIST_FILE = "$(SRCROOT)/Support/Info.plist";
				LD_RUNPATH_SEARCH_PATHS = "$(inherited) @executable_path/Frameworks";
				PRODUCT_BUNDLE_IDENTIFIER = com.andriik.Movies;
				PRODUCT_NAME = "$(TARGET_NAME)";
				SWIFT_VERSION = 4.0;
				TARGETED_DEVICE_FAMILY = "1,2";
			};
			name = Debug;
		};
		22FB83F620E8A33E008EDB59 /* Release */ = {
			isa = XCBuildConfiguration;
			baseConfigurationReference = 59077DE1791B6C6196C0DCD9 /* Pods-Movie Clips.release.xcconfig */;
			buildSettings = {
				ASSETCATALOG_COMPILER_APPICON_NAME = AppIcon;
				CODE_SIGN_STYLE = Automatic;
				DEVELOPMENT_TEAM = 9M8HQ89V5Q;
				INFOPLIST_FILE = "$(SRCROOT)/Support/Info.plist";
				LD_RUNPATH_SEARCH_PATHS = "$(inherited) @executable_path/Frameworks";
				PRODUCT_BUNDLE_IDENTIFIER = com.andriik.Movies;
				PRODUCT_NAME = "$(TARGET_NAME)";
				SWIFT_VERSION = 4.0;
				TARGETED_DEVICE_FAMILY = "1,2";
			};
			name = Release;
		};
/* End XCBuildConfiguration section */

/* Begin XCConfigurationList section */
		22FB83DD20E8A33C008EDB59 /* Build configuration list for PBXProject "Movie Clips " */ = {
			isa = XCConfigurationList;
			buildConfigurations = (
				22FB83F220E8A33E008EDB59 /* Debug */,
				22FB83F320E8A33E008EDB59 /* Release */,
			);
			defaultConfigurationIsVisible = 0;
			defaultConfigurationName = Release;
		};
		22FB83F420E8A33E008EDB59 /* Build configuration list for PBXNativeTarget "Movie Clips" */ = {
			isa = XCConfigurationList;
			buildConfigurations = (
				22FB83F520E8A33E008EDB59 /* Debug */,
				22FB83F620E8A33E008EDB59 /* Release */,
			);
			defaultConfigurationIsVisible = 0;
			defaultConfigurationName = Release;
		};
/* End XCConfigurationList section */
	};
	rootObject = 22FB83DA20E8A33C008EDB59 /* Project object */;
}
